// !$*UTF8*$!
{
	archiveVersion = 1;
	classes = {
	};
	objectVersion = 77;
	objects = {

/* Begin PBXBuildFile section */
		FD20FE8B2DB2588E007EA948 /* ActorsBootcamp.swift in Sources */ = {isa = PBXBuildFile; fileRef = FD20FE8A2DB2588E007EA948 /* ActorsBootcamp.swift */; };
		FD20FE8D2DB26E15007EA948 /* GlobalActorBootcamp.swift in Sources */ = {isa = PBXBuildFile; fileRef = FD20FE8C2DB26E15007EA948 /* GlobalActorBootcamp.swift */; };
		FD20FE8F2DB279E4007EA948 /* SendableProtocolBootcamp.swift in Sources */ = {isa = PBXBuildFile; fileRef = FD20FE8E2DB279E4007EA948 /* SendableProtocolBootcamp.swift */; };
		FD20FE912DB2848E007EA948 /* StrongWeakself.swift in Sources */ = {isa = PBXBuildFile; fileRef = FD20FE902DB2848E007EA948 /* StrongWeakself.swift */; };
		FD20FE932DB28DC7007EA948 /* MVVMBootcamp.swift in Sources */ = {isa = PBXBuildFile; fileRef = FD20FE922DB28DC7007EA948 /* MVVMBootcamp.swift */; };
		FD52221A2DABD11700C0D7B5 /* Assets.xcassets in Resources */ = {isa = PBXBuildFile; fileRef = FD5222132DABD11700C0D7B5 /* Assets.xcassets */; };
		FD52221B2DABD11700C0D7B5 /* AsyncAwait.swift in Sources */ = {isa = PBXBuildFile; fileRef = FD5222142DABD11700C0D7B5 /* AsyncAwait.swift */; };
		FD52221C2DABD11700C0D7B5 /* ContentView.swift in Sources */ = {isa = PBXBuildFile; fileRef = FD5222152DABD11700C0D7B5 /* ContentView.swift */; };
		FD52221D2DABD11700C0D7B5 /* DoTryCatchThrows.swift in Sources */ = {isa = PBXBuildFile; fileRef = FD5222162DABD11700C0D7B5 /* DoTryCatchThrows.swift */; };
		FD52221E2DABD11700C0D7B5 /* DownloadImageAsync.swift in Sources */ = {isa = PBXBuildFile; fileRef = FD5222172DABD11700C0D7B5 /* DownloadImageAsync.swift */; };
		FD52221F2DABD11700C0D7B5 /* SwiftConcurrencyBootcampApp.swift in Sources */ = {isa = PBXBuildFile; fileRef = FD5222182DABD11700C0D7B5 /* SwiftConcurrencyBootcampApp.swift */; };
		FD5222212DABDA0200C0D7B5 /* TaskBootcamp.swift in Sources */ = {isa = PBXBuildFile; fileRef = FD5222202DABDA0200C0D7B5 /* TaskBootcamp.swift */; };
		FDB72D582DAD0CE6002E4469 /* TaskGroup.swift in Sources */ = {isa = PBXBuildFile; fileRef = FDB72D572DAD0CE6002E4469 /* TaskGroup.swift */; };
		FDB72D592DAD0CE6002E4469 /* AsyncLet.swift in Sources */ = {isa = PBXBuildFile; fileRef = FDB72D562DAD0CE6002E4469 /* AsyncLet.swift */; };
		FDB72D5B2DAD1B5C002E4469 /* CheckedContinuation.swift in Sources */ = {isa = PBXBuildFile; fileRef = FDB72D5A2DAD1B5C002E4469 /* CheckedContinuation.swift */; };
/* End PBXBuildFile section */

/* Begin PBXFileReference section */
		FD20FE8A2DB2588E007EA948 /* ActorsBootcamp.swift */ = {isa = PBXFileReference; lastKnownFileType = sourcecode.swift; path = ActorsBootcamp.swift; sourceTree = "<group>"; };
		FD20FE8C2DB26E15007EA948 /* GlobalActorBootcamp.swift */ = {isa = PBXFileReference; lastKnownFileType = sourcecode.swift; path = GlobalActorBootcamp.swift; sourceTree = "<group>"; };
		FD20FE8E2DB279E4007EA948 /* SendableProtocolBootcamp.swift */ = {isa = PBXFileReference; lastKnownFileType = sourcecode.swift; path = SendableProtocolBootcamp.swift; sourceTree = "<group>"; };
		FD20FE902DB2848E007EA948 /* StrongWeakself.swift */ = {isa = PBXFileReference; lastKnownFileType = sourcecode.swift; path = StrongWeakself.swift; sourceTree = "<group>"; };
		FD20FE922DB28DC7007EA948 /* MVVMBootcamp.swift */ = {isa = PBXFileReference; lastKnownFileType = sourcecode.swift; path = MVVMBootcamp.swift; sourceTree = "<group>"; };
		FD5222132DABD11700C0D7B5 /* Assets.xcassets */ = {isa = PBXFileReference; lastKnownFileType = folder.assetcatalog; path = Assets.xcassets; sourceTree = "<group>"; };
		FD5222142DABD11700C0D7B5 /* AsyncAwait.swift */ = {isa = PBXFileReference; lastKnownFileType = sourcecode.swift; path = AsyncAwait.swift; sourceTree = "<group>"; };
		FD5222152DABD11700C0D7B5 /* ContentView.swift */ = {isa = PBXFileReference; lastKnownFileType = sourcecode.swift; path = ContentView.swift; sourceTree = "<group>"; };
		FD5222162DABD11700C0D7B5 /* DoTryCatchThrows.swift */ = {isa = PBXFileReference; lastKnownFileType = sourcecode.swift; path = DoTryCatchThrows.swift; sourceTree = "<group>"; };
		FD5222172DABD11700C0D7B5 /* DownloadImageAsync.swift */ = {isa = PBXFileReference; lastKnownFileType = sourcecode.swift; path = DownloadImageAsync.swift; sourceTree = "<group>"; };
		FD5222182DABD11700C0D7B5 /* SwiftConcurrencyBootcampApp.swift */ = {isa = PBXFileReference; lastKnownFileType = sourcecode.swift; path = SwiftConcurrencyBootcampApp.swift; sourceTree = "<group>"; };
		FD5222202DABDA0200C0D7B5 /* TaskBootcamp.swift */ = {isa = PBXFileReference; lastKnownFileType = sourcecode.swift; path = TaskBootcamp.swift; sourceTree = "<group>"; };
		FDB72D562DAD0CE6002E4469 /* AsyncLet.swift */ = {isa = PBXFileReference; lastKnownFileType = sourcecode.swift; path = AsyncLet.swift; sourceTree = "<group>"; };
		FDB72D572DAD0CE6002E4469 /* TaskGroup.swift */ = {isa = PBXFileReference; lastKnownFileType = sourcecode.swift; path = TaskGroup.swift; sourceTree = "<group>"; };
		FDB72D5A2DAD1B5C002E4469 /* CheckedContinuation.swift */ = {isa = PBXFileReference; lastKnownFileType = sourcecode.swift; path = CheckedContinuation.swift; sourceTree = "<group>"; };
		FDF608882DA7F67600E4BD24 /* SwiftConcurrencyBootcamp.app */ = {isa = PBXFileReference; explicitFileType = wrapper.application; includeInIndex = 0; path = SwiftConcurrencyBootcamp.app; sourceTree = BUILT_PRODUCTS_DIR; };
/* End PBXFileReference section */

/* Begin PBXFileSystemSynchronizedRootGroup section */
		FDB72D5C2DAD254D002E4469 /* ModifiersComponents */ = {
			isa = PBXFileSystemSynchronizedRootGroup;
			path = ModifiersComponents;
			sourceTree = "<group>";
		};
/* End PBXFileSystemSynchronizedRootGroup section */

/* Begin PBXFrameworksBuildPhase section */
		FDF608852DA7F67600E4BD24 /* Frameworks */ = {
			isa = PBXFrameworksBuildPhase;
			buildActionMask = 2147483647;
			files = (
			);
			runOnlyForDeploymentPostprocessing = 0;
		};
/* End PBXFrameworksBuildPhase section */

/* Begin PBXGroup section */
		FD5222192DABD11700C0D7B5 /* SwiftConcurrencyBootcamp */ = {
			isa = PBXGroup;
			children = (
				FD5222132DABD11700C0D7B5 /* Assets.xcassets */,
				FD5222152DABD11700C0D7B5 /* ContentView.swift */,
				FD5222162DABD11700C0D7B5 /* DoTryCatchThrows.swift */,
				FD5222172DABD11700C0D7B5 /* DownloadImageAsync.swift */,
				FD5222142DABD11700C0D7B5 /* AsyncAwait.swift */,
				FD5222202DABDA0200C0D7B5 /* TaskBootcamp.swift */,
				FDB72D562DAD0CE6002E4469 /* AsyncLet.swift */,
				FDB72D572DAD0CE6002E4469 /* TaskGroup.swift */,
				FDB72D5A2DAD1B5C002E4469 /* CheckedContinuation.swift */,
				FD20FE8A2DB2588E007EA948 /* ActorsBootcamp.swift */,
				FD20FE8C2DB26E15007EA948 /* GlobalActorBootcamp.swift */,
				FD20FE8E2DB279E4007EA948 /* SendableProtocolBootcamp.swift */,
				FD20FE902DB2848E007EA948 /* StrongWeakself.swift */,
				FD20FE922DB28DC7007EA948 /* MVVMBootcamp.swift */,
				FDB72D5C2DAD254D002E4469 /* ModifiersComponents */,
				FD5222182DABD11700C0D7B5 /* SwiftConcurrencyBootcampApp.swift */,
			);
			path = SwiftConcurrencyBootcamp;
			sourceTree = "<group>";
		};
		FDF6087F2DA7F67600E4BD24 = {
			isa = PBXGroup;
			children = (
				FD5222192DABD11700C0D7B5 /* SwiftConcurrencyBootcamp */,
				FDF608892DA7F67600E4BD24 /* Products */,
			);
			sourceTree = "<group>";
		};
		FDF608892DA7F67600E4BD24 /* Products */ = {
			isa = PBXGroup;
			children = (
				FDF608882DA7F67600E4BD24 /* SwiftConcurrencyBootcamp.app */,
			);
			name = Products;
			sourceTree = "<group>";
		};
/* End PBXGroup section */

/* Begin PBXNativeTarget section */
		FDF608872DA7F67600E4BD24 /* SwiftConcurrencyBootcamp */ = {
			isa = PBXNativeTarget;
			buildConfigurationList = FDF608932DA7F67700E4BD24 /* Build configuration list for PBXNativeTarget "SwiftConcurrencyBootcamp" */;
			buildPhases = (
				FDF608842DA7F67600E4BD24 /* Sources */,
				FDF608852DA7F67600E4BD24 /* Frameworks */,
				FDF608862DA7F67600E4BD24 /* Resources */,
			);
			buildRules = (
			);
			dependencies = (
			);
			fileSystemSynchronizedGroups = (
				FDB72D5C2DAD254D002E4469 /* ModifiersComponents */,
			);
			name = SwiftConcurrencyBootcamp;
			packageProductDependencies = (
			);
			productName = SwiftConcurrencyBootcamp;
			productReference = FDF608882DA7F67600E4BD24 /* SwiftConcurrencyBootcamp.app */;
			productType = "com.apple.product-type.application";
		};
/* End PBXNativeTarget section */

/* Begin PBXProject section */
		FDF608802DA7F67600E4BD24 /* Project object */ = {
			isa = PBXProject;
			attributes = {
				BuildIndependentTargetsInParallel = 1;
				LastSwiftUpdateCheck = 1630;
				LastUpgradeCheck = 1630;
				ORGANIZATIONNAME = Blacenova;
				TargetAttributes = {
					FDF608872DA7F67600E4BD24 = {
						CreatedOnToolsVersion = 16.3;
					};
				};
			};
			buildConfigurationList = FDF608832DA7F67600E4BD24 /* Build configuration list for PBXProject "SwiftConcurrencyBootcamp" */;
			developmentRegion = en;
			hasScannedForEncodings = 0;
			knownRegions = (
				en,
				Base,
			);
			mainGroup = FDF6087F2DA7F67600E4BD24;
			minimizedProjectReferenceProxies = 1;
			preferredProjectObjectVersion = 77;
			productRefGroup = FDF608892DA7F67600E4BD24 /* Products */;
			projectDirPath = "";
			projectRoot = "";
			targets = (
				FDF608872DA7F67600E4BD24 /* SwiftConcurrencyBootcamp */,
			);
		};
/* End PBXProject section */

/* Begin PBXResourcesBuildPhase section */
		FDF608862DA7F67600E4BD24 /* Resources */ = {
			isa = PBXResourcesBuildPhase;
			buildActionMask = 2147483647;
			files = (
				FD52221A2DABD11700C0D7B5 /* Assets.xcassets in Resources */,
			);
			runOnlyForDeploymentPostprocessing = 0;
		};
/* End PBXResourcesBuildPhase section */

/* Begin PBXSourcesBuildPhase section */
		FDF608842DA7F67600E4BD24 /* Sources */ = {
			isa = PBXSourcesBuildPhase;
			buildActionMask = 2147483647;
			files = (
				FD52221B2DABD11700C0D7B5 /* AsyncAwait.swift in Sources */,
				FD52221C2DABD11700C0D7B5 /* ContentView.swift in Sources */,
				FD52221D2DABD11700C0D7B5 /* DoTryCatchThrows.swift in Sources */,
				FD5222212DABDA0200C0D7B5 /* TaskBootcamp.swift in Sources */,
				FD20FE8B2DB2588E007EA948 /* ActorsBootcamp.swift in Sources */,
				FDB72D582DAD0CE6002E4469 /* TaskGroup.swift in Sources */,
				FDB72D592DAD0CE6002E4469 /* AsyncLet.swift in Sources */,
				FD20FE8D2DB26E15007EA948 /* GlobalActorBootcamp.swift in Sources */,
				FD20FE8F2DB279E4007EA948 /* SendableProtocolBootcamp.swift in Sources */,
				FD52221E2DABD11700C0D7B5 /* DownloadImageAsync.swift in Sources */,
				FD20FE932DB28DC7007EA948 /* MVVMBootcamp.swift in Sources */,
				FDB72D5B2DAD1B5C002E4469 /* CheckedContinuation.swift in Sources */,
				FD20FE912DB2848E007EA948 /* StrongWeakself.swift in Sources */,
				FD52221F2DABD11700C0D7B5 /* SwiftConcurrencyBootcampApp.swift in Sources */,
			);
			runOnlyForDeploymentPostprocessing = 0;
		};
/* End PBXSourcesBuildPhase section */

/* Begin XCBuildConfiguration section */
		FDF608912DA7F67700E4BD24 /* Debug */ = {
			isa = XCBuildConfiguration;
			buildSettings = {
				ALWAYS_SEARCH_USER_PATHS = NO;
				ASSETCATALOG_COMPILER_GENERATE_SWIFT_ASSET_SYMBOL_EXTENSIONS = YES;
				CLANG_ANALYZER_NONNULL = YES;
				CLANG_ANALYZER_NUMBER_OBJECT_CONVERSION = YES_AGGRESSIVE;
				CLANG_CXX_LANGUAGE_STANDARD = "gnu++20";
				CLANG_ENABLE_MODULES = YES;
				CLANG_ENABLE_OBJC_ARC = YES;
				CLANG_ENABLE_OBJC_WEAK = YES;
				CLANG_WARN_BLOCK_CAPTURE_AUTORELEASING = YES;
				CLANG_WARN_BOOL_CONVERSION = YES;
				CLANG_WARN_COMMA = YES;
				CLANG_WARN_CONSTANT_CONVERSION = YES;
				CLANG_WARN_DEPRECATED_OBJC_IMPLEMENTATIONS = YES;
				CLANG_WARN_DIRECT_OBJC_ISA_USAGE = YES_ERROR;
				CLANG_WARN_DOCUMENTATION_COMMENTS = YES;
				CLANG_WARN_EMPTY_BODY = YES;
				CLANG_WARN_ENUM_CONVERSION = YES;
				CLANG_WARN_INFINITE_RECURSION = YES;
				CLANG_WARN_INT_CONVERSION = YES;
				CLANG_WARN_NON_LITERAL_NULL_CONVERSION = YES;
				CLANG_WARN_OBJC_IMPLICIT_RETAIN_SELF = YES;
				CLANG_WARN_OBJC_LITERAL_CONVERSION = YES;
				CLANG_WARN_OBJC_ROOT_CLASS = YES_ERROR;
				CLANG_WARN_QUOTED_INCLUDE_IN_FRAMEWORK_HEADER = YES;
				CLANG_WARN_RANGE_LOOP_ANALYSIS = YES;
				CLANG_WARN_STRICT_PROTOTYPES = YES;
				CLANG_WARN_SUSPICIOUS_MOVE = YES;
				CLANG_WARN_UNGUARDED_AVAILABILITY = YES_AGGRESSIVE;
				CLANG_WARN_UNREACHABLE_CODE = YES;
				CLANG_WARN__DUPLICATE_METHOD_MATCH = YES;
				COPY_PHASE_STRIP = NO;
				DEBUG_INFORMATION_FORMAT = dwarf;
				DEVELOPMENT_TEAM = XP6V4T4UU6;
				ENABLE_STRICT_OBJC_MSGSEND = YES;
				ENABLE_TESTABILITY = YES;
				ENABLE_USER_SCRIPT_SANDBOXING = YES;
				GCC_C_LANGUAGE_STANDARD = gnu17;
				GCC_DYNAMIC_NO_PIC = NO;
				GCC_NO_COMMON_BLOCKS = YES;
				GCC_OPTIMIZATION_LEVEL = 0;
				GCC_PREPROCESSOR_DEFINITIONS = (
					"DEBUG=1",
					"$(inherited)",
				);
				GCC_WARN_64_TO_32_BIT_CONVERSION = YES;
				GCC_WARN_ABOUT_RETURN_TYPE = YES_ERROR;
				GCC_WARN_UNDECLARED_SELECTOR = YES;
				GCC_WARN_UNINITIALIZED_AUTOS = YES_AGGRESSIVE;
				GCC_WARN_UNUSED_FUNCTION = YES;
				GCC_WARN_UNUSED_VARIABLE = YES;
				IPHONEOS_DEPLOYMENT_TARGET = 18.4;
				LOCALIZATION_PREFERS_STRING_CATALOGS = YES;
				MTL_ENABLE_DEBUG_INFO = INCLUDE_SOURCE;
				MTL_FAST_MATH = YES;
				ONLY_ACTIVE_ARCH = YES;
				SDKROOT = iphoneos;
				SWIFT_ACTIVE_COMPILATION_CONDITIONS = "DEBUG $(inherited)";
				SWIFT_OPTIMIZATION_LEVEL = "-Onone";
			};
			name = Debug;
		};
		FDF608922DA7F67700E4BD24 /* Release */ = {
			isa = XCBuildConfiguration;
			buildSettings = {
				ALWAYS_SEARCH_USER_PATHS = NO;
				ASSETCATALOG_COMPILER_GENERATE_SWIFT_ASSET_SYMBOL_EXTENSIONS = YES;
				CLANG_ANALYZER_NONNULL = YES;
				CLANG_ANALYZER_NUMBER_OBJECT_CONVERSION = YES_AGGRESSIVE;
				CLANG_CXX_LANGUAGE_STANDARD = "gnu++20";
				CLANG_ENABLE_MODULES = YES;
				CLANG_ENABLE_OBJC_ARC = YES;
				CLANG_ENABLE_OBJC_WEAK = YES;
				CLANG_WARN_BLOCK_CAPTURE_AUTORELEASING = YES;
				CLANG_WARN_BOOL_CONVERSION = YES;
				CLANG_WARN_COMMA = YES;
				CLANG_WARN_CONSTANT_CONVERSION = YES;
				CLANG_WARN_DEPRECATED_OBJC_IMPLEMENTATIONS = YES;
				CLANG_WARN_DIRECT_OBJC_ISA_USAGE = YES_ERROR;
				CLANG_WARN_DOCUMENTATION_COMMENTS = YES;
				CLANG_WARN_EMPTY_BODY = YES;
				CLANG_WARN_ENUM_CONVERSION = YES;
				CLANG_WARN_INFINITE_RECURSION = YES;
				CLANG_WARN_INT_CONVERSION = YES;
				CLANG_WARN_NON_LITERAL_NULL_CONVERSION = YES;
				CLANG_WARN_OBJC_IMPLICIT_RETAIN_SELF = YES;
				CLANG_WARN_OBJC_LITERAL_CONVERSION = YES;
				CLANG_WARN_OBJC_ROOT_CLASS = YES_ERROR;
				CLANG_WARN_QUOTED_INCLUDE_IN_FRAMEWORK_HEADER = YES;
				CLANG_WARN_RANGE_LOOP_ANALYSIS = YES;
				CLANG_WARN_STRICT_PROTOTYPES = YES;
				CLANG_WARN_SUSPICIOUS_MOVE = YES;
				CLANG_WARN_UNGUARDED_AVAILABILITY = YES_AGGRESSIVE;
				CLANG_WARN_UNREACHABLE_CODE = YES;
				CLANG_WARN__DUPLICATE_METHOD_MATCH = YES;
				COPY_PHASE_STRIP = NO;
				DEBUG_INFORMATION_FORMAT = "dwarf-with-dsym";
				DEVELOPMENT_TEAM = XP6V4T4UU6;
				ENABLE_NS_ASSERTIONS = NO;
				ENABLE_STRICT_OBJC_MSGSEND = YES;
				ENABLE_USER_SCRIPT_SANDBOXING = YES;
				GCC_C_LANGUAGE_STANDARD = gnu17;
				GCC_NO_COMMON_BLOCKS = YES;
				GCC_WARN_64_TO_32_BIT_CONVERSION = YES;
				GCC_WARN_ABOUT_RETURN_TYPE = YES_ERROR;
				GCC_WARN_UNDECLARED_SELECTOR = YES;
				GCC_WARN_UNINITIALIZED_AUTOS = YES_AGGRESSIVE;
				GCC_WARN_UNUSED_FUNCTION = YES;
				GCC_WARN_UNUSED_VARIABLE = YES;
				IPHONEOS_DEPLOYMENT_TARGET = 18.4;
				LOCALIZATION_PREFERS_STRING_CATALOGS = YES;
				MTL_ENABLE_DEBUG_INFO = NO;
				MTL_FAST_MATH = YES;
				SDKROOT = iphoneos;
				SWIFT_COMPILATION_MODE = wholemodule;
				VALIDATE_PRODUCT = YES;
			};
			name = Release;
		};
		FDF608942DA7F67700E4BD24 /* Debug */ = {
			isa = XCBuildConfiguration;
			buildSettings = {
				ASSETCATALOG_COMPILER_APPICON_NAME = AppIcon;
				ASSETCATALOG_COMPILER_GLOBAL_ACCENT_COLOR_NAME = AccentColor;
				CODE_SIGN_STYLE = Automatic;
				CURRENT_PROJECT_VERSION = 1;
				DEVELOPMENT_TEAM = XP6V4T4UU6;
				ENABLE_PREVIEWS = YES;
				GENERATE_INFOPLIST_FILE = YES;
				INFOPLIST_KEY_UIApplicationSceneManifest_Generation = YES;
				INFOPLIST_KEY_UIApplicationSupportsIndirectInputEvents = YES;
				INFOPLIST_KEY_UILaunchScreen_Generation = YES;
				INFOPLIST_KEY_UISupportedInterfaceOrientations_iPad = "UIInterfaceOrientationPortrait UIInterfaceOrientationPortraitUpsideDown UIInterfaceOrientationLandscapeLeft UIInterfaceOrientationLandscapeRight";
				INFOPLIST_KEY_UISupportedInterfaceOrientations_iPhone = "UIInterfaceOrientationPortrait UIInterfaceOrientationLandscapeLeft UIInterfaceOrientationLandscapeRight";
				LD_RUNPATH_SEARCH_PATHS = (
					"$(inherited)",
					"@executable_path/Frameworks",
				);
				MARKETING_VERSION = 1.0;
				PRODUCT_BUNDLE_IDENTIFIER = com.blacenova.SwiftConcurrencyBootcamp;
				PRODUCT_NAME = "$(TARGET_NAME)";
				SWIFT_EMIT_LOC_STRINGS = YES;
				SWIFT_VERSION = 5.0;
				TARGETED_DEVICE_FAMILY = "1,2";
			};
			name = Debug;
		};
		FDF608952DA7F67700E4BD24 /* Release */ = {
			isa = XCBuildConfiguration;
			buildSettings = {
				ASSETCATALOG_COMPILER_APPICON_NAME = AppIcon;
				ASSETCATALOG_COMPILER_GLOBAL_ACCENT_COLOR_NAME = AccentColor;
				CODE_SIGN_STYLE = Automatic;
				CURRENT_PROJECT_VERSION = 1;
				DEVELOPMENT_TEAM = XP6V4T4UU6;
				ENABLE_PREVIEWS = YES;
				GENERATE_INFOPLIST_FILE = YES;
				INFOPLIST_KEY_UIApplicationSceneManifest_Generation = YES;
				INFOPLIST_KEY_UIApplicationSupportsIndirectInputEvents = YES;
				INFOPLIST_KEY_UILaunchScreen_Generation = YES;
				INFOPLIST_KEY_UISupportedInterfaceOrientations_iPad = "UIInterfaceOrientationPortrait UIInterfaceOrientationPortraitUpsideDown UIInterfaceOrientationLandscapeLeft UIInterfaceOrientationLandscapeRight";
				INFOPLIST_KEY_UISupportedInterfaceOrientations_iPhone = "UIInterfaceOrientationPortrait UIInterfaceOrientationLandscapeLeft UIInterfaceOrientationLandscapeRight";
				LD_RUNPATH_SEARCH_PATHS = (
					"$(inherited)",
					"@executable_path/Frameworks",
				);
				MARKETING_VERSION = 1.0;
				PRODUCT_BUNDLE_IDENTIFIER = com.blacenova.SwiftConcurrencyBootcamp;
				PRODUCT_NAME = "$(TARGET_NAME)";
				SWIFT_EMIT_LOC_STRINGS = YES;
				SWIFT_VERSION = 5.0;
				TARGETED_DEVICE_FAMILY = "1,2";
			};
			name = Release;
		};
/* End XCBuildConfiguration section */

/* Begin XCConfigurationList section */
		FDF608832DA7F67600E4BD24 /* Build configuration list for PBXProject "SwiftConcurrencyBootcamp" */ = {
			isa = XCConfigurationList;
			buildConfigurations = (
				FDF608912DA7F67700E4BD24 /* Debug */,
				FDF608922DA7F67700E4BD24 /* Release */,
			);
			defaultConfigurationIsVisible = 0;
			defaultConfigurationName = Release;
		};
		FDF608932DA7F67700E4BD24 /* Build configuration list for PBXNativeTarget "SwiftConcurrencyBootcamp" */ = {
			isa = XCConfigurationList;
			buildConfigurations = (
				FDF608942DA7F67700E4BD24 /* Debug */,
				FDF608952DA7F67700E4BD24 /* Release */,
			);
			defaultConfigurationIsVisible = 0;
			defaultConfigurationName = Release;
		};
/* End XCConfigurationList section */
	};
	rootObject = FDF608802DA7F67600E4BD24 /* Project object */;
}
